// !$*UTF8*$!
{
	archiveVersion = 1;
	classes = {
	};
	objectVersion = 50;
	objects = {

/* Begin PBXBuildFile section */
		83048BC025D7CA28008D32CC /* AppDelegate.swift in Sources */ = {isa = PBXBuildFile; fileRef = 83048BBF25D7CA28008D32CC /* AppDelegate.swift */; };
		83048BC225D7CA28008D32CC /* SceneDelegate.swift in Sources */ = {isa = PBXBuildFile; fileRef = 83048BC125D7CA28008D32CC /* SceneDelegate.swift */; };
		83048BC725D7CA28008D32CC /* Main.storyboard in Resources */ = {isa = PBXBuildFile; fileRef = 83048BC525D7CA28008D32CC /* Main.storyboard */; };
		83048BC925D7CA2C008D32CC /* Assets.xcassets in Resources */ = {isa = PBXBuildFile; fileRef = 83048BC825D7CA2C008D32CC /* Assets.xcassets */; };
		83048BD725D7CA2D008D32CC /* RickAndMortyAppTests.swift in Sources */ = {isa = PBXBuildFile; fileRef = 83048BD625D7CA2D008D32CC /* RickAndMortyAppTests.swift */; };
		83048BE225D7CA2D008D32CC /* RickAndMortyAppUITests.swift in Sources */ = {isa = PBXBuildFile; fileRef = 83048BE125D7CA2D008D32CC /* RickAndMortyAppUITests.swift */; };
		83048BF625D7CAF0008D32CC /* CharacterListTableViewController.swift in Sources */ = {isa = PBXBuildFile; fileRef = 83048BF525D7CAF0008D32CC /* CharacterListTableViewController.swift */; };
		83048C2C25D85C27008D32CC /* CharacterDetailViewController.swift in Sources */ = {isa = PBXBuildFile; fileRef = 83048C2B25D85C27008D32CC /* CharacterDetailViewController.swift */; };
		83048C3125D85DB0008D32CC /* CharacterListTableViewCell.swift in Sources */ = {isa = PBXBuildFile; fileRef = 83048C3025D85DB0008D32CC /* CharacterListTableViewCell.swift */; };
		83048C4025D96F03008D32CC /* Episode.swift in Sources */ = {isa = PBXBuildFile; fileRef = 83048C3F25D96F03008D32CC /* Episode.swift */; };
		830BCF2C25E4EB03003C4ED5 /* FileSystemManager.swift in Sources */ = {isa = PBXBuildFile; fileRef = 830BCF2B25E4EB03003C4ED5 /* FileSystemManager.swift */; };
		830BCF3425E4FC48003C4ED5 /* JSONHandler.swift in Sources */ = {isa = PBXBuildFile; fileRef = 830BCF3325E4FC48003C4ED5 /* JSONHandler.swift */; };
		8329F9DE260A401600A72D9C /* ImageService.swift in Sources */ = {isa = PBXBuildFile; fileRef = 8329F9DD260A401600A72D9C /* ImageService.swift */; };
		839AD8CD26138675006554A5 /* FilterListTableViewController.swift in Sources */ = {isa = PBXBuildFile; fileRef = 839AD8CC26138675006554A5 /* FilterListTableViewController.swift */; };
		839AD8D926138BC2006554A5 /* CharacterFilter.swift in Sources */ = {isa = PBXBuildFile; fileRef = 839AD8D826138BC2006554A5 /* CharacterFilter.swift */; };
		839AD8E326138E82006554A5 /* FilterListViewModel.swift in Sources */ = {isa = PBXBuildFile; fileRef = 839AD8E226138E82006554A5 /* FilterListViewModel.swift */; };
		839AD8EC26138ECB006554A5 /* FilterOptionsTableViewController.swift in Sources */ = {isa = PBXBuildFile; fileRef = 839AD8EB26138ECB006554A5 /* FilterOptionsTableViewController.swift */; };
		839AD8F426138EDB006554A5 /* FilterOptionsViewModel.swift in Sources */ = {isa = PBXBuildFile; fileRef = 839AD8F326138EDB006554A5 /* FilterOptionsViewModel.swift */; };
		839AD8F926148E0B006554A5 /* FilterListTableViewCell.swift in Sources */ = {isa = PBXBuildFile; fileRef = 839AD8F826148E0B006554A5 /* FilterListTableViewCell.swift */; };
		839AD8FE26148E9B006554A5 /* FilterOptionsTableViewCell.swift in Sources */ = {isa = PBXBuildFile; fileRef = 839AD8FD26148E9B006554A5 /* FilterOptionsTableViewCell.swift */; };
		83A98860261224B200960918 /* Info.swift in Sources */ = {isa = PBXBuildFile; fileRef = 83A9885F261224B200960918 /* Info.swift */; };
		83B0D6E9260B747F00BA2AEC /* CharacterFileManager.swift in Sources */ = {isa = PBXBuildFile; fileRef = 83B0D6E8260B747F00BA2AEC /* CharacterFileManager.swift */; };
		83B0D6EE260B74A000BA2AEC /* CharacterAPIManager.swift in Sources */ = {isa = PBXBuildFile; fileRef = 83B0D6ED260B74A000BA2AEC /* CharacterAPIManager.swift */; };
		83B0D6F5260B751000BA2AEC /* LocationAPIManager.swift in Sources */ = {isa = PBXBuildFile; fileRef = 83B0D6F4260B751000BA2AEC /* LocationAPIManager.swift */; };
		83B0D6FB260B753B00BA2AEC /* EpisodeAPIManager.swift in Sources */ = {isa = PBXBuildFile; fileRef = 83B0D6FA260B753B00BA2AEC /* EpisodeAPIManager.swift */; };
		83B5D37F2604A8460078E825 /* CharacterListViewModel.swift in Sources */ = {isa = PBXBuildFile; fileRef = 83B5D37E2604A8460078E825 /* CharacterListViewModel.swift */; };
		83B5D3922604A9CF0078E825 /* CharacterDetailViewModel.swift in Sources */ = {isa = PBXBuildFile; fileRef = 83B5D3912604A9CF0078E825 /* CharacterDetailViewModel.swift */; };
		83DAE9C525DEA61C0086FE3A /* Character.swift in Sources */ = {isa = PBXBuildFile; fileRef = 83DAE9C425DEA61C0086FE3A /* Character.swift */; };
		83DAE9CA25DEAE130086FE3A /* NetworkManager.swift in Sources */ = {isa = PBXBuildFile; fileRef = 83DAE9C925DEAE130086FE3A /* NetworkManager.swift */; };
		83DAE9E325DEC2260086FE3A /* Location.swift in Sources */ = {isa = PBXBuildFile; fileRef = 83DAE9E225DEC2260086FE3A /* Location.swift */; };
		83EB7849260F104A00F6A332 /* EndPoint.swift in Sources */ = {isa = PBXBuildFile; fileRef = 83EB7848260F104900F6A332 /* EndPoint.swift */; };
/* End PBXBuildFile section */

/* Begin PBXContainerItemProxy section */
		83048BD325D7CA2D008D32CC /* PBXContainerItemProxy */ = {
			isa = PBXContainerItemProxy;
			containerPortal = 83048BB425D7CA28008D32CC /* Project object */;
			proxyType = 1;
			remoteGlobalIDString = 83048BBB25D7CA28008D32CC;
			remoteInfo = RickAndMortyApp;
		};
		83048BDE25D7CA2D008D32CC /* PBXContainerItemProxy */ = {
			isa = PBXContainerItemProxy;
			containerPortal = 83048BB425D7CA28008D32CC /* Project object */;
			proxyType = 1;
			remoteGlobalIDString = 83048BBB25D7CA28008D32CC;
			remoteInfo = RickAndMortyApp;
		};
/* End PBXContainerItemProxy section */

/* Begin PBXFileReference section */
		83048BBC25D7CA28008D32CC /* RickAndMortyApp.app */ = {isa = PBXFileReference; explicitFileType = wrapper.application; includeInIndex = 0; path = RickAndMortyApp.app; sourceTree = BUILT_PRODUCTS_DIR; };
		83048BBF25D7CA28008D32CC /* AppDelegate.swift */ = {isa = PBXFileReference; lastKnownFileType = sourcecode.swift; path = AppDelegate.swift; sourceTree = "<group>"; };
		83048BC125D7CA28008D32CC /* SceneDelegate.swift */ = {isa = PBXFileReference; lastKnownFileType = sourcecode.swift; path = SceneDelegate.swift; sourceTree = "<group>"; };
		83048BC625D7CA28008D32CC /* Base */ = {isa = PBXFileReference; lastKnownFileType = file.storyboard; name = Base; path = Base.lproj/Main.storyboard; sourceTree = "<group>"; };
		83048BC825D7CA2C008D32CC /* Assets.xcassets */ = {isa = PBXFileReference; lastKnownFileType = folder.assetcatalog; path = Assets.xcassets; sourceTree = "<group>"; };
		83048BCD25D7CA2C008D32CC /* Info.plist */ = {isa = PBXFileReference; lastKnownFileType = text.plist.xml; path = Info.plist; sourceTree = "<group>"; };
		83048BD225D7CA2D008D32CC /* RickAndMortyAppTests.xctest */ = {isa = PBXFileReference; explicitFileType = wrapper.cfbundle; includeInIndex = 0; path = RickAndMortyAppTests.xctest; sourceTree = BUILT_PRODUCTS_DIR; };
		83048BD625D7CA2D008D32CC /* RickAndMortyAppTests.swift */ = {isa = PBXFileReference; lastKnownFileType = sourcecode.swift; path = RickAndMortyAppTests.swift; sourceTree = "<group>"; };
		83048BD825D7CA2D008D32CC /* Info.plist */ = {isa = PBXFileReference; lastKnownFileType = text.plist.xml; path = Info.plist; sourceTree = "<group>"; };
		83048BDD25D7CA2D008D32CC /* RickAndMortyAppUITests.xctest */ = {isa = PBXFileReference; explicitFileType = wrapper.cfbundle; includeInIndex = 0; path = RickAndMortyAppUITests.xctest; sourceTree = BUILT_PRODUCTS_DIR; };
		83048BE125D7CA2D008D32CC /* RickAndMortyAppUITests.swift */ = {isa = PBXFileReference; lastKnownFileType = sourcecode.swift; path = RickAndMortyAppUITests.swift; sourceTree = "<group>"; };
		83048BE325D7CA2D008D32CC /* Info.plist */ = {isa = PBXFileReference; lastKnownFileType = text.plist.xml; path = Info.plist; sourceTree = "<group>"; };
		83048BF525D7CAF0008D32CC /* CharacterListTableViewController.swift */ = {isa = PBXFileReference; lastKnownFileType = sourcecode.swift; path = CharacterListTableViewController.swift; sourceTree = "<group>"; };
		83048C2B25D85C27008D32CC /* CharacterDetailViewController.swift */ = {isa = PBXFileReference; lastKnownFileType = sourcecode.swift; path = CharacterDetailViewController.swift; sourceTree = "<group>"; };
		83048C3025D85DB0008D32CC /* CharacterListTableViewCell.swift */ = {isa = PBXFileReference; lastKnownFileType = sourcecode.swift; path = CharacterListTableViewCell.swift; sourceTree = "<group>"; };
		83048C3F25D96F03008D32CC /* Episode.swift */ = {isa = PBXFileReference; lastKnownFileType = sourcecode.swift; path = Episode.swift; sourceTree = "<group>"; };
		830BCF2B25E4EB03003C4ED5 /* FileSystemManager.swift */ = {isa = PBXFileReference; lastKnownFileType = sourcecode.swift; path = FileSystemManager.swift; sourceTree = "<group>"; };
		830BCF3325E4FC48003C4ED5 /* JSONHandler.swift */ = {isa = PBXFileReference; lastKnownFileType = sourcecode.swift; path = JSONHandler.swift; sourceTree = "<group>"; };
		8329F9DD260A401600A72D9C /* ImageService.swift */ = {isa = PBXFileReference; lastKnownFileType = sourcecode.swift; path = ImageService.swift; sourceTree = "<group>"; };
		839AD8CC26138675006554A5 /* FilterListTableViewController.swift */ = {isa = PBXFileReference; lastKnownFileType = sourcecode.swift; path = FilterListTableViewController.swift; sourceTree = "<group>"; };
		839AD8D826138BC2006554A5 /* CharacterFilter.swift */ = {isa = PBXFileReference; lastKnownFileType = sourcecode.swift; path = CharacterFilter.swift; sourceTree = "<group>"; };
		839AD8E226138E82006554A5 /* FilterListViewModel.swift */ = {isa = PBXFileReference; lastKnownFileType = sourcecode.swift; path = FilterListViewModel.swift; sourceTree = "<group>"; };
		839AD8EB26138ECB006554A5 /* FilterOptionsTableViewController.swift */ = {isa = PBXFileReference; lastKnownFileType = sourcecode.swift; path = FilterOptionsTableViewController.swift; sourceTree = "<group>"; };
		839AD8F326138EDB006554A5 /* FilterOptionsViewModel.swift */ = {isa = PBXFileReference; lastKnownFileType = sourcecode.swift; path = FilterOptionsViewModel.swift; sourceTree = "<group>"; };
		839AD8F826148E0B006554A5 /* FilterListTableViewCell.swift */ = {isa = PBXFileReference; lastKnownFileType = sourcecode.swift; path = FilterListTableViewCell.swift; sourceTree = "<group>"; };
		839AD8FD26148E9B006554A5 /* FilterOptionsTableViewCell.swift */ = {isa = PBXFileReference; lastKnownFileType = sourcecode.swift; path = FilterOptionsTableViewCell.swift; sourceTree = "<group>"; };
		83A9885F261224B200960918 /* Info.swift */ = {isa = PBXFileReference; lastKnownFileType = sourcecode.swift; path = Info.swift; sourceTree = "<group>"; };
		83B0D6E8260B747F00BA2AEC /* CharacterFileManager.swift */ = {isa = PBXFileReference; lastKnownFileType = sourcecode.swift; path = CharacterFileManager.swift; sourceTree = "<group>"; };
		83B0D6ED260B74A000BA2AEC /* CharacterAPIManager.swift */ = {isa = PBXFileReference; lastKnownFileType = sourcecode.swift; path = CharacterAPIManager.swift; sourceTree = "<group>"; };
		83B0D6F4260B751000BA2AEC /* LocationAPIManager.swift */ = {isa = PBXFileReference; lastKnownFileType = sourcecode.swift; path = LocationAPIManager.swift; sourceTree = "<group>"; };
		83B0D6FA260B753B00BA2AEC /* EpisodeAPIManager.swift */ = {isa = PBXFileReference; lastKnownFileType = sourcecode.swift; path = EpisodeAPIManager.swift; sourceTree = "<group>"; };
		83B5D37E2604A8460078E825 /* CharacterListViewModel.swift */ = {isa = PBXFileReference; lastKnownFileType = sourcecode.swift; path = CharacterListViewModel.swift; sourceTree = "<group>"; };
		83B5D3912604A9CF0078E825 /* CharacterDetailViewModel.swift */ = {isa = PBXFileReference; lastKnownFileType = sourcecode.swift; path = CharacterDetailViewModel.swift; sourceTree = "<group>"; };
		83DAE9C425DEA61C0086FE3A /* Character.swift */ = {isa = PBXFileReference; lastKnownFileType = sourcecode.swift; path = Character.swift; sourceTree = "<group>"; };
		83DAE9C925DEAE130086FE3A /* NetworkManager.swift */ = {isa = PBXFileReference; lastKnownFileType = sourcecode.swift; path = NetworkManager.swift; sourceTree = "<group>"; };
		83DAE9E225DEC2260086FE3A /* Location.swift */ = {isa = PBXFileReference; lastKnownFileType = sourcecode.swift; path = Location.swift; sourceTree = "<group>"; };
		83EB7848260F104900F6A332 /* EndPoint.swift */ = {isa = PBXFileReference; lastKnownFileType = sourcecode.swift; path = EndPoint.swift; sourceTree = "<group>"; };
/* End PBXFileReference section */

/* Begin PBXFrameworksBuildPhase section */
		83048BB925D7CA28008D32CC /* Frameworks */ = {
			isa = PBXFrameworksBuildPhase;
			buildActionMask = 2147483647;
			files = (
			);
			runOnlyForDeploymentPostprocessing = 0;
		};
		83048BCF25D7CA2D008D32CC /* Frameworks */ = {
			isa = PBXFrameworksBuildPhase;
			buildActionMask = 2147483647;
			files = (
			);
			runOnlyForDeploymentPostprocessing = 0;
		};
		83048BDA25D7CA2D008D32CC /* Frameworks */ = {
			isa = PBXFrameworksBuildPhase;
			buildActionMask = 2147483647;
			files = (
			);
			runOnlyForDeploymentPostprocessing = 0;
		};
/* End PBXFrameworksBuildPhase section */

/* Begin PBXGroup section */
		83048BB325D7CA28008D32CC = {
			isa = PBXGroup;
			children = (
				83048BBE25D7CA28008D32CC /* RickAndMortyApp */,
				83048BD525D7CA2D008D32CC /* RickAndMortyAppTests */,
				83048BE025D7CA2D008D32CC /* RickAndMortyAppUITests */,
				83048BBD25D7CA28008D32CC /* Products */,
			);
			sourceTree = "<group>";
		};
		83048BBD25D7CA28008D32CC /* Products */ = {
			isa = PBXGroup;
			children = (
				83048BBC25D7CA28008D32CC /* RickAndMortyApp.app */,
				83048BD225D7CA2D008D32CC /* RickAndMortyAppTests.xctest */,
				83048BDD25D7CA2D008D32CC /* RickAndMortyAppUITests.xctest */,
			);
			name = Products;
			sourceTree = "<group>";
		};
		83048BBE25D7CA28008D32CC /* RickAndMortyApp */ = {
			isa = PBXGroup;
			children = (
				83EB7847260F102F00F6A332 /* Protocols */,
				8329F9DC260A400600A72D9C /* Services */,
				83048C0025D7DB6A008D32CC /* Model */,
				83F2955826088B3300A16707 /* UI */,
				83048C0225D7DB78008D32CC /* View */,
				83048C0625D7DBA5008D32CC /* SupportingFiles */,
			);
			path = RickAndMortyApp;
			sourceTree = "<group>";
		};
		83048BD525D7CA2D008D32CC /* RickAndMortyAppTests */ = {
			isa = PBXGroup;
			children = (
				83048BD625D7CA2D008D32CC /* RickAndMortyAppTests.swift */,
				83048BD825D7CA2D008D32CC /* Info.plist */,
			);
			path = RickAndMortyAppTests;
			sourceTree = "<group>";
		};
		83048BE025D7CA2D008D32CC /* RickAndMortyAppUITests */ = {
			isa = PBXGroup;
			children = (
				83048BE125D7CA2D008D32CC /* RickAndMortyAppUITests.swift */,
				83048BE325D7CA2D008D32CC /* Info.plist */,
			);
			path = RickAndMortyAppUITests;
			sourceTree = "<group>";
		};
		83048C0025D7DB6A008D32CC /* Model */ = {
			isa = PBXGroup;
			children = (
				839AD8D726138AFE006554A5 /* Filters */,
				83DAE9C425DEA61C0086FE3A /* Character.swift */,
				83DAE9E225DEC2260086FE3A /* Location.swift */,
				83048C3F25D96F03008D32CC /* Episode.swift */,
				83A9885F261224B200960918 /* Info.swift */,
			);
			path = Model;
			sourceTree = "<group>";
		};
		83048C0225D7DB78008D32CC /* View */ = {
			isa = PBXGroup;
			children = (
				83048BC525D7CA28008D32CC /* Main.storyboard */,
			);
			path = View;
			sourceTree = "<group>";
		};
		83048C0625D7DBA5008D32CC /* SupportingFiles */ = {
			isa = PBXGroup;
			children = (
				83048BCD25D7CA2C008D32CC /* Info.plist */,
				83048BC825D7CA2C008D32CC /* Assets.xcassets */,
				83048BC125D7CA28008D32CC /* SceneDelegate.swift */,
				83048BBF25D7CA28008D32CC /* AppDelegate.swift */,
			);
			path = SupportingFiles;
			sourceTree = "<group>";
		};
		8329F9DC260A400600A72D9C /* Services */ = {
			isa = PBXGroup;
			children = (
				83B0D704260B76CA00BA2AEC /* Client */,
				83B0D703260B765700BA2AEC /* FileSystem */,
				83B0D702260B764100BA2AEC /* Network */,
				8329F9DD260A401600A72D9C /* ImageService.swift */,
			);
			path = Services;
			sourceTree = "<group>";
		};
		839AD8CB26138662006554A5 /* Filtering */ = {
			isa = PBXGroup;
			children = (
				839AD8E126138E57006554A5 /* FilterList */,
				839AD8EA26138EA8006554A5 /* FIlterOptions */,
			);
			path = Filtering;
			sourceTree = "<group>";
		};
		839AD8D726138AFE006554A5 /* Filters */ = {
			isa = PBXGroup;
			children = (
				839AD8D826138BC2006554A5 /* CharacterFilter.swift */,
			);
			path = Filters;
			sourceTree = "<group>";
		};
		839AD8E126138E57006554A5 /* FilterList */ = {
			isa = PBXGroup;
			children = (
				839AD8CC26138675006554A5 /* FilterListTableViewController.swift */,
				839AD8F826148E0B006554A5 /* FilterListTableViewCell.swift */,
				839AD8E226138E82006554A5 /* FilterListViewModel.swift */,
			);
			path = FilterList;
			sourceTree = "<group>";
		};
		839AD8EA26138EA8006554A5 /* FIlterOptions */ = {
			isa = PBXGroup;
			children = (
				839AD8EB26138ECB006554A5 /* FilterOptionsTableViewController.swift */,
				839AD8FD26148E9B006554A5 /* FilterOptionsTableViewCell.swift */,
				839AD8F326138EDB006554A5 /* FilterOptionsViewModel.swift */,
			);
			path = FIlterOptions;
			sourceTree = "<group>";
		};
		83B0D6F2260B74E600BA2AEC /* Character */ = {
			isa = PBXGroup;
			children = (
				83B0D6ED260B74A000BA2AEC /* CharacterAPIManager.swift */,
				83B0D6E8260B747F00BA2AEC /* CharacterFileManager.swift */,
			);
			path = Character;
			sourceTree = "<group>";
		};
		83B0D6F3260B74FE00BA2AEC /* Location */ = {
			isa = PBXGroup;
			children = (
				83B0D6F4260B751000BA2AEC /* LocationAPIManager.swift */,
			);
			path = Location;
			sourceTree = "<group>";
		};
		83B0D6F9260B752D00BA2AEC /* Episode */ = {
			isa = PBXGroup;
			children = (
				83B0D6FA260B753B00BA2AEC /* EpisodeAPIManager.swift */,
			);
			path = Episode;
			sourceTree = "<group>";
		};
		83B0D702260B764100BA2AEC /* Network */ = {
			isa = PBXGroup;
			children = (
				83DAE9C925DEAE130086FE3A /* NetworkManager.swift */,
				830BCF3325E4FC48003C4ED5 /* JSONHandler.swift */,
			);
			path = Network;
			sourceTree = "<group>";
		};
		83B0D703260B765700BA2AEC /* FileSystem */ = {
			isa = PBXGroup;
			children = (
				830BCF2B25E4EB03003C4ED5 /* FileSystemManager.swift */,
			);
			path = FileSystem;
			sourceTree = "<group>";
		};
		83B0D704260B76CA00BA2AEC /* Client */ = {
			isa = PBXGroup;
			children = (
				83B0D6F2260B74E600BA2AEC /* Character */,
				83B0D6F9260B752D00BA2AEC /* Episode */,
				83B0D6F3260B74FE00BA2AEC /* Location */,
			);
			path = Client;
			sourceTree = "<group>";
		};
		83EB7847260F102F00F6A332 /* Protocols */ = {
			isa = PBXGroup;
			children = (
				83EB7848260F104900F6A332 /* EndPoint.swift */,
			);
			path = Protocols;
			sourceTree = "<group>";
		};
		83F2955826088B3300A16707 /* UI */ = {
			isa = PBXGroup;
			children = (
				839AD8CB26138662006554A5 /* Filtering */,
				83F2955A26088B7A00A16707 /* CharacterDetails */,
				83F2955926088B5400A16707 /* CharacterList */,
			);
			path = UI;
			sourceTree = "<group>";
		};
		83F2955926088B5400A16707 /* CharacterList */ = {
			isa = PBXGroup;
			children = (
				83048BF525D7CAF0008D32CC /* CharacterListTableViewController.swift */,
				83048C3025D85DB0008D32CC /* CharacterListTableViewCell.swift */,
				83B5D37E2604A8460078E825 /* CharacterListViewModel.swift */,
			);
			path = CharacterList;
			sourceTree = "<group>";
		};
		83F2955A26088B7A00A16707 /* CharacterDetails */ = {
			isa = PBXGroup;
			children = (
				83048C2B25D85C27008D32CC /* CharacterDetailViewController.swift */,
				83B5D3912604A9CF0078E825 /* CharacterDetailViewModel.swift */,
			);
			path = CharacterDetails;
			sourceTree = "<group>";
		};
/* End PBXGroup section */

/* Begin PBXNativeTarget section */
		83048BBB25D7CA28008D32CC /* RickAndMortyApp */ = {
			isa = PBXNativeTarget;
			buildConfigurationList = 83048BE625D7CA2D008D32CC /* Build configuration list for PBXNativeTarget "RickAndMortyApp" */;
			buildPhases = (
				83048BB825D7CA28008D32CC /* Sources */,
				83048BB925D7CA28008D32CC /* Frameworks */,
				83048BBA25D7CA28008D32CC /* Resources */,
			);
			buildRules = (
			);
			dependencies = (
			);
			name = RickAndMortyApp;
			productName = RickAndMortyApp;
			productReference = 83048BBC25D7CA28008D32CC /* RickAndMortyApp.app */;
			productType = "com.apple.product-type.application";
		};
		83048BD125D7CA2D008D32CC /* RickAndMortyAppTests */ = {
			isa = PBXNativeTarget;
			buildConfigurationList = 83048BE925D7CA2D008D32CC /* Build configuration list for PBXNativeTarget "RickAndMortyAppTests" */;
			buildPhases = (
				83048BCE25D7CA2D008D32CC /* Sources */,
				83048BCF25D7CA2D008D32CC /* Frameworks */,
				83048BD025D7CA2D008D32CC /* Resources */,
			);
			buildRules = (
			);
			dependencies = (
				83048BD425D7CA2D008D32CC /* PBXTargetDependency */,
			);
			name = RickAndMortyAppTests;
			productName = RickAndMortyAppTests;
			productReference = 83048BD225D7CA2D008D32CC /* RickAndMortyAppTests.xctest */;
			productType = "com.apple.product-type.bundle.unit-test";
		};
		83048BDC25D7CA2D008D32CC /* RickAndMortyAppUITests */ = {
			isa = PBXNativeTarget;
			buildConfigurationList = 83048BEC25D7CA2D008D32CC /* Build configuration list for PBXNativeTarget "RickAndMortyAppUITests" */;
			buildPhases = (
				83048BD925D7CA2D008D32CC /* Sources */,
				83048BDA25D7CA2D008D32CC /* Frameworks */,
				83048BDB25D7CA2D008D32CC /* Resources */,
			);
			buildRules = (
			);
			dependencies = (
				83048BDF25D7CA2D008D32CC /* PBXTargetDependency */,
			);
			name = RickAndMortyAppUITests;
			productName = RickAndMortyAppUITests;
			productReference = 83048BDD25D7CA2D008D32CC /* RickAndMortyAppUITests.xctest */;
			productType = "com.apple.product-type.bundle.ui-testing";
		};
/* End PBXNativeTarget section */

/* Begin PBXProject section */
		83048BB425D7CA28008D32CC /* Project object */ = {
			isa = PBXProject;
			attributes = {
				LastSwiftUpdateCheck = 1240;
				LastUpgradeCheck = 1240;
				TargetAttributes = {
					83048BBB25D7CA28008D32CC = {
						CreatedOnToolsVersion = 12.4;
					};
					83048BD125D7CA2D008D32CC = {
						CreatedOnToolsVersion = 12.4;
						TestTargetID = 83048BBB25D7CA28008D32CC;
					};
					83048BDC25D7CA2D008D32CC = {
						CreatedOnToolsVersion = 12.4;
						TestTargetID = 83048BBB25D7CA28008D32CC;
					};
				};
			};
			buildConfigurationList = 83048BB725D7CA28008D32CC /* Build configuration list for PBXProject "RickAndMortyApp" */;
			compatibilityVersion = "Xcode 9.3";
			developmentRegion = en;
			hasScannedForEncodings = 0;
			knownRegions = (
				en,
				Base,
			);
			mainGroup = 83048BB325D7CA28008D32CC;
			productRefGroup = 83048BBD25D7CA28008D32CC /* Products */;
			projectDirPath = "";
			projectRoot = "";
			targets = (
				83048BBB25D7CA28008D32CC /* RickAndMortyApp */,
				83048BD125D7CA2D008D32CC /* RickAndMortyAppTests */,
				83048BDC25D7CA2D008D32CC /* RickAndMortyAppUITests */,
			);
		};
/* End PBXProject section */

/* Begin PBXResourcesBuildPhase section */
		83048BBA25D7CA28008D32CC /* Resources */ = {
			isa = PBXResourcesBuildPhase;
			buildActionMask = 2147483647;
			files = (
				83048BC925D7CA2C008D32CC /* Assets.xcassets in Resources */,
				83048BC725D7CA28008D32CC /* Main.storyboard in Resources */,
			);
			runOnlyForDeploymentPostprocessing = 0;
		};
		83048BD025D7CA2D008D32CC /* Resources */ = {
			isa = PBXResourcesBuildPhase;
			buildActionMask = 2147483647;
			files = (
			);
			runOnlyForDeploymentPostprocessing = 0;
		};
		83048BDB25D7CA2D008D32CC /* Resources */ = {
			isa = PBXResourcesBuildPhase;
			buildActionMask = 2147483647;
			files = (
			);
			runOnlyForDeploymentPostprocessing = 0;
		};
/* End PBXResourcesBuildPhase section */

/* Begin PBXSourcesBuildPhase section */
		83048BB825D7CA28008D32CC /* Sources */ = {
			isa = PBXSourcesBuildPhase;
			buildActionMask = 2147483647;
			files = (
				83B5D37F2604A8460078E825 /* CharacterListViewModel.swift in Sources */,
				839AD8CD26138675006554A5 /* FilterListTableViewController.swift in Sources */,
				83048C3125D85DB0008D32CC /* CharacterListTableViewCell.swift in Sources */,
				839AD8FE26148E9B006554A5 /* FilterOptionsTableViewCell.swift in Sources */,
				839AD8F426138EDB006554A5 /* FilterOptionsViewModel.swift in Sources */,
				83DAE9E325DEC2260086FE3A /* Location.swift in Sources */,
				83DAE9CA25DEAE130086FE3A /* NetworkManager.swift in Sources */,
				839AD8E326138E82006554A5 /* FilterListViewModel.swift in Sources */,
				83B0D6FB260B753B00BA2AEC /* EpisodeAPIManager.swift in Sources */,
				830BCF3425E4FC48003C4ED5 /* JSONHandler.swift in Sources */,
				83048BF625D7CAF0008D32CC /* CharacterListTableViewController.swift in Sources */,
				83B0D6EE260B74A000BA2AEC /* CharacterAPIManager.swift in Sources */,
				839AD8EC26138ECB006554A5 /* FilterOptionsTableViewController.swift in Sources */,
				83048BC025D7CA28008D32CC /* AppDelegate.swift in Sources */,
				8329F9DE260A401600A72D9C /* ImageService.swift in Sources */,
				83048BC225D7CA28008D32CC /* SceneDelegate.swift in Sources */,
				83EB7849260F104A00F6A332 /* EndPoint.swift in Sources */,
				83B0D6E9260B747F00BA2AEC /* CharacterFileManager.swift in Sources */,
				839AD8F926148E0B006554A5 /* FilterListTableViewCell.swift in Sources */,
				83A98860261224B200960918 /* Info.swift in Sources */,
				830BCF2C25E4EB03003C4ED5 /* FileSystemManager.swift in Sources */,
				83DAE9C525DEA61C0086FE3A /* Character.swift in Sources */,
				839AD8D926138BC2006554A5 /* CharacterFilter.swift in Sources */,
				83B5D3922604A9CF0078E825 /* CharacterDetailViewModel.swift in Sources */,
				83048C4025D96F03008D32CC /* Episode.swift in Sources */,
				83B0D6F5260B751000BA2AEC /* LocationAPIManager.swift in Sources */,
				83048C2C25D85C27008D32CC /* CharacterDetailViewController.swift in Sources */,
			);
			runOnlyForDeploymentPostprocessing = 0;
		};
		83048BCE25D7CA2D008D32CC /* Sources */ = {
			isa = PBXSourcesBuildPhase;
			buildActionMask = 2147483647;
			files = (
				83048BD725D7CA2D008D32CC /* RickAndMortyAppTests.swift in Sources */,
			);
			runOnlyForDeploymentPostprocessing = 0;
		};
		83048BD925D7CA2D008D32CC /* Sources */ = {
			isa = PBXSourcesBuildPhase;
			buildActionMask = 2147483647;
			files = (
				83048BE225D7CA2D008D32CC /* RickAndMortyAppUITests.swift in Sources */,
			);
			runOnlyForDeploymentPostprocessing = 0;
		};
/* End PBXSourcesBuildPhase section */

/* Begin PBXTargetDependency section */
		83048BD425D7CA2D008D32CC /* PBXTargetDependency */ = {
			isa = PBXTargetDependency;
			target = 83048BBB25D7CA28008D32CC /* RickAndMortyApp */;
			targetProxy = 83048BD325D7CA2D008D32CC /* PBXContainerItemProxy */;
		};
		83048BDF25D7CA2D008D32CC /* PBXTargetDependency */ = {
			isa = PBXTargetDependency;
			target = 83048BBB25D7CA28008D32CC /* RickAndMortyApp */;
			targetProxy = 83048BDE25D7CA2D008D32CC /* PBXContainerItemProxy */;
		};
/* End PBXTargetDependency section */

/* Begin PBXVariantGroup section */
		83048BC525D7CA28008D32CC /* Main.storyboard */ = {
			isa = PBXVariantGroup;
			children = (
				83048BC625D7CA28008D32CC /* Base */,
			);
			name = Main.storyboard;
			sourceTree = "<group>";
		};
/* End PBXVariantGroup section */

/* Begin XCBuildConfiguration section */
		83048BE425D7CA2D008D32CC /* Debug */ = {
			isa = XCBuildConfiguration;
			buildSettings = {
				ALWAYS_SEARCH_USER_PATHS = NO;
				CLANG_ANALYZER_NONNULL = YES;
				CLANG_ANALYZER_NUMBER_OBJECT_CONVERSION = YES_AGGRESSIVE;
				CLANG_CXX_LANGUAGE_STANDARD = "gnu++14";
				CLANG_CXX_LIBRARY = "libc++";
				CLANG_ENABLE_MODULES = YES;
				CLANG_ENABLE_OBJC_ARC = YES;
				CLANG_ENABLE_OBJC_WEAK = YES;
				CLANG_WARN_BLOCK_CAPTURE_AUTORELEASING = YES;
				CLANG_WARN_BOOL_CONVERSION = YES;
				CLANG_WARN_COMMA = YES;
				CLANG_WARN_CONSTANT_CONVERSION = YES;
				CLANG_WARN_DEPRECATED_OBJC_IMPLEMENTATIONS = YES;
				CLANG_WARN_DIRECT_OBJC_ISA_USAGE = YES_ERROR;
				CLANG_WARN_DOCUMENTATION_COMMENTS = YES;
				CLANG_WARN_EMPTY_BODY = YES;
				CLANG_WARN_ENUM_CONVERSION = YES;
				CLANG_WARN_INFINITE_RECURSION = YES;
				CLANG_WARN_INT_CONVERSION = YES;
				CLANG_WARN_NON_LITERAL_NULL_CONVERSION = YES;
				CLANG_WARN_OBJC_IMPLICIT_RETAIN_SELF = YES;
				CLANG_WARN_OBJC_LITERAL_CONVERSION = YES;
				CLANG_WARN_OBJC_ROOT_CLASS = YES_ERROR;
				CLANG_WARN_QUOTED_INCLUDE_IN_FRAMEWORK_HEADER = YES;
				CLANG_WARN_RANGE_LOOP_ANALYSIS = YES;
				CLANG_WARN_STRICT_PROTOTYPES = YES;
				CLANG_WARN_SUSPICIOUS_MOVE = YES;
				CLANG_WARN_UNGUARDED_AVAILABILITY = YES_AGGRESSIVE;
				CLANG_WARN_UNREACHABLE_CODE = YES;
				CLANG_WARN__DUPLICATE_METHOD_MATCH = YES;
				COPY_PHASE_STRIP = NO;
				DEBUG_INFORMATION_FORMAT = dwarf;
				ENABLE_STRICT_OBJC_MSGSEND = YES;
				ENABLE_TESTABILITY = YES;
				GCC_C_LANGUAGE_STANDARD = gnu11;
				GCC_DYNAMIC_NO_PIC = NO;
				GCC_NO_COMMON_BLOCKS = YES;
				GCC_OPTIMIZATION_LEVEL = 0;
				GCC_PREPROCESSOR_DEFINITIONS = (
					"DEBUG=1",
					"$(inherited)",
				);
				GCC_WARN_64_TO_32_BIT_CONVERSION = YES;
				GCC_WARN_ABOUT_RETURN_TYPE = YES_ERROR;
				GCC_WARN_UNDECLARED_SELECTOR = YES;
				GCC_WARN_UNINITIALIZED_AUTOS = YES_AGGRESSIVE;
				GCC_WARN_UNUSED_FUNCTION = YES;
				GCC_WARN_UNUSED_VARIABLE = YES;
				IPHONEOS_DEPLOYMENT_TARGET = 13.0;
				MTL_ENABLE_DEBUG_INFO = INCLUDE_SOURCE;
				MTL_FAST_MATH = YES;
				ONLY_ACTIVE_ARCH = YES;
				SDKROOT = iphoneos;
				SWIFT_ACTIVE_COMPILATION_CONDITIONS = DEBUG;
				SWIFT_OPTIMIZATION_LEVEL = "-Onone";
				TARGETED_DEVICE_FAMILY = 1;
			};
			name = Debug;
		};
		83048BE525D7CA2D008D32CC /* Release */ = {
			isa = XCBuildConfiguration;
			buildSettings = {
				ALWAYS_SEARCH_USER_PATHS = NO;
				CLANG_ANALYZER_NONNULL = YES;
				CLANG_ANALYZER_NUMBER_OBJECT_CONVERSION = YES_AGGRESSIVE;
				CLANG_CXX_LANGUAGE_STANDARD = "gnu++14";
				CLANG_CXX_LIBRARY = "libc++";
				CLANG_ENABLE_MODULES = YES;
				CLANG_ENABLE_OBJC_ARC = YES;
				CLANG_ENABLE_OBJC_WEAK = YES;
				CLANG_WARN_BLOCK_CAPTURE_AUTORELEASING = YES;
				CLANG_WARN_BOOL_CONVERSION = YES;
				CLANG_WARN_COMMA = YES;
				CLANG_WARN_CONSTANT_CONVERSION = YES;
				CLANG_WARN_DEPRECATED_OBJC_IMPLEMENTATIONS = YES;
				CLANG_WARN_DIRECT_OBJC_ISA_USAGE = YES_ERROR;
				CLANG_WARN_DOCUMENTATION_COMMENTS = YES;
				CLANG_WARN_EMPTY_BODY = YES;
				CLANG_WARN_ENUM_CONVERSION = YES;
				CLANG_WARN_INFINITE_RECURSION = YES;
				CLANG_WARN_INT_CONVERSION = YES;
				CLANG_WARN_NON_LITERAL_NULL_CONVERSION = YES;
				CLANG_WARN_OBJC_IMPLICIT_RETAIN_SELF = YES;
				CLANG_WARN_OBJC_LITERAL_CONVERSION = YES;
				CLANG_WARN_OBJC_ROOT_CLASS = YES_ERROR;
				CLANG_WARN_QUOTED_INCLUDE_IN_FRAMEWORK_HEADER = YES;
				CLANG_WARN_RANGE_LOOP_ANALYSIS = YES;
				CLANG_WARN_STRICT_PROTOTYPES = YES;
				CLANG_WARN_SUSPICIOUS_MOVE = YES;
				CLANG_WARN_UNGUARDED_AVAILABILITY = YES_AGGRESSIVE;
				CLANG_WARN_UNREACHABLE_CODE = YES;
				CLANG_WARN__DUPLICATE_METHOD_MATCH = YES;
				COPY_PHASE_STRIP = NO;
				DEBUG_INFORMATION_FORMAT = "dwarf-with-dsym";
				ENABLE_NS_ASSERTIONS = NO;
				ENABLE_STRICT_OBJC_MSGSEND = YES;
				GCC_C_LANGUAGE_STANDARD = gnu11;
				GCC_NO_COMMON_BLOCKS = YES;
				GCC_WARN_64_TO_32_BIT_CONVERSION = YES;
				GCC_WARN_ABOUT_RETURN_TYPE = YES_ERROR;
				GCC_WARN_UNDECLARED_SELECTOR = YES;
				GCC_WARN_UNINITIALIZED_AUTOS = YES_AGGRESSIVE;
				GCC_WARN_UNUSED_FUNCTION = YES;
				GCC_WARN_UNUSED_VARIABLE = YES;
				IPHONEOS_DEPLOYMENT_TARGET = 13.0;
				MTL_ENABLE_DEBUG_INFO = NO;
				MTL_FAST_MATH = YES;
				SDKROOT = iphoneos;
				SWIFT_COMPILATION_MODE = wholemodule;
				SWIFT_OPTIMIZATION_LEVEL = "-O";
				TARGETED_DEVICE_FAMILY = 1;
				VALIDATE_PRODUCT = YES;
			};
			name = Release;
		};
		83048BE725D7CA2D008D32CC /* Debug */ = {
			isa = XCBuildConfiguration;
			buildSettings = {
				ASSETCATALOG_COMPILER_APPICON_NAME = AppIcon;
				ASSETCATALOG_COMPILER_GLOBAL_ACCENT_COLOR_NAME = AccentColor;
				CODE_SIGN_STYLE = Automatic;
				DEVELOPMENT_TEAM = FU46PPL9NB;
				INFOPLIST_FILE = RickAndMortyApp/SupportingFiles/Info.plist;
				IPHONEOS_DEPLOYMENT_TARGET = 13.0;
				LD_RUNPATH_SEARCH_PATHS = (
					"$(inherited)",
					"@executable_path/Frameworks",
				);
				PRODUCT_BUNDLE_IDENTIFIER = BugBoy.RickAndMortyApp;
				PRODUCT_NAME = "$(TARGET_NAME)";
				SWIFT_VERSION = 5.0;
				TARGETED_DEVICE_FAMILY = 1;
			};
			name = Debug;
		};
		83048BE825D7CA2D008D32CC /* Release */ = {
			isa = XCBuildConfiguration;
			buildSettings = {
				ASSETCATALOG_COMPILER_APPICON_NAME = AppIcon;
				ASSETCATALOG_COMPILER_GLOBAL_ACCENT_COLOR_NAME = AccentColor;
				CODE_SIGN_STYLE = Automatic;
				DEVELOPMENT_TEAM = FU46PPL9NB;
				INFOPLIST_FILE = RickAndMortyApp/SupportingFiles/Info.plist;
				IPHONEOS_DEPLOYMENT_TARGET = 13.0;
				LD_RUNPATH_SEARCH_PATHS = (
					"$(inherited)",
					"@executable_path/Frameworks",
				);
				PRODUCT_BUNDLE_IDENTIFIER = BugBoy.RickAndMortyApp;
				PRODUCT_NAME = "$(TARGET_NAME)";
				SWIFT_VERSION = 5.0;
				TARGETED_DEVICE_FAMILY = 1;
			};
			name = Release;
		};
		83048BEA25D7CA2D008D32CC /* Debug */ = {
			isa = XCBuildConfiguration;
			buildSettings = {
				ALWAYS_EMBED_SWIFT_STANDARD_LIBRARIES = YES;
				BUNDLE_LOADER = "$(TEST_HOST)";
				CODE_SIGN_STYLE = Automatic;
				DEVELOPMENT_TEAM = FU46PPL9NB;
				INFOPLIST_FILE = RickAndMortyAppTests/Info.plist;
				IPHONEOS_DEPLOYMENT_TARGET = 13.0;
				LD_RUNPATH_SEARCH_PATHS = (
					"$(inherited)",
					"@executable_path/Frameworks",
					"@loader_path/Frameworks",
				);
				PRODUCT_BUNDLE_IDENTIFIER = BugBoy.RickAndMortyAppTests;
				PRODUCT_NAME = "$(TARGET_NAME)";
				SWIFT_VERSION = 5.0;
				TARGETED_DEVICE_FAMILY = 1;
				TEST_HOST = "$(BUILT_PRODUCTS_DIR)/RickAndMortyApp.app/RickAndMortyApp";
			};
			name = Debug;
		};
		83048BEB25D7CA2D008D32CC /* Release */ = {
			isa = XCBuildConfiguration;
			buildSettings = {
				ALWAYS_EMBED_SWIFT_STANDARD_LIBRARIES = YES;
				BUNDLE_LOADER = "$(TEST_HOST)";
				CODE_SIGN_STYLE = Automatic;
				DEVELOPMENT_TEAM = FU46PPL9NB;
				INFOPLIST_FILE = RickAndMortyAppTests/Info.plist;
				IPHONEOS_DEPLOYMENT_TARGET = 13.0;
				LD_RUNPATH_SEARCH_PATHS = (
					"$(inherited)",
					"@executable_path/Frameworks",
					"@loader_path/Frameworks",
				);
				PRODUCT_BUNDLE_IDENTIFIER = BugBoy.RickAndMortyAppTests;
				PRODUCT_NAME = "$(TARGET_NAME)";
				SWIFT_VERSION = 5.0;
				TARGETED_DEVICE_FAMILY = 1;
				TEST_HOST = "$(BUILT_PRODUCTS_DIR)/RickAndMortyApp.app/RickAndMortyApp";
			};
			name = Release;
		};
		83048BED25D7CA2D008D32CC /* Debug */ = {
			isa = XCBuildConfiguration;
			buildSettings = {
				ALWAYS_EMBED_SWIFT_STANDARD_LIBRARIES = YES;
				CODE_SIGN_STYLE = Automatic;
				DEVELOPMENT_TEAM = FU46PPL9NB;
				INFOPLIST_FILE = RickAndMortyAppUITests/Info.plist;
				LD_RUNPATH_SEARCH_PATHS = (
					"$(inherited)",
					"@executable_path/Frameworks",
					"@loader_path/Frameworks",
				);
				PRODUCT_BUNDLE_IDENTIFIER = BugBoy.RickAndMortyAppUITests;
				PRODUCT_NAME = "$(TARGET_NAME)";
				SWIFT_VERSION = 5.0;
				TARGETED_DEVICE_FAMILY = 1;
				TEST_TARGET_NAME = RickAndMortyApp;
			};
			name = Debug;
		};
		83048BEE25D7CA2D008D32CC /* Release */ = {
			isa = XCBuildConfiguration;
			buildSettings = {
				ALWAYS_EMBED_SWIFT_STANDARD_LIBRARIES = YES;
				CODE_SIGN_STYLE = Automatic;
				DEVELOPMENT_TEAM = FU46PPL9NB;
				INFOPLIST_FILE = RickAndMortyAppUITests/Info.plist;
				LD_RUNPATH_SEARCH_PATHS = (
					"$(inherited)",
					"@executable_path/Frameworks",
					"@loader_path/Frameworks",
				);
				PRODUCT_BUNDLE_IDENTIFIER = BugBoy.RickAndMortyAppUITests;
				PRODUCT_NAME = "$(TARGET_NAME)";
				SWIFT_VERSION = 5.0;
				TARGETED_DEVICE_FAMILY = 1;
				TEST_TARGET_NAME = RickAndMortyApp;
			};
			name = Release;
		};
/* End XCBuildConfiguration section */

/* Begin XCConfigurationList section */
		83048BB725D7CA28008D32CC /* Build configuration list for PBXProject "RickAndMortyApp" */ = {
			isa = XCConfigurationList;
			buildConfigurations = (
				83048BE425D7CA2D008D32CC /* Debug */,
				83048BE525D7CA2D008D32CC /* Release */,
			);
			defaultConfigurationIsVisible = 0;
			defaultConfigurationName = Release;
		};
		83048BE625D7CA2D008D32CC /* Build configuration list for PBXNativeTarget "RickAndMortyApp" */ = {
			isa = XCConfigurationList;
			buildConfigurations = (
				83048BE725D7CA2D008D32CC /* Debug */,
				83048BE825D7CA2D008D32CC /* Release */,
			);
			defaultConfigurationIsVisible = 0;
			defaultConfigurationName = Release;
		};
		83048BE925D7CA2D008D32CC /* Build configuration list for PBXNativeTarget "RickAndMortyAppTests" */ = {
			isa = XCConfigurationList;
			buildConfigurations = (
				83048BEA25D7CA2D008D32CC /* Debug */,
				83048BEB25D7CA2D008D32CC /* Release */,
			);
			defaultConfigurationIsVisible = 0;
			defaultConfigurationName = Release;
		};
		83048BEC25D7CA2D008D32CC /* Build configuration list for PBXNativeTarget "RickAndMortyAppUITests" */ = {
			isa = XCConfigurationList;
			buildConfigurations = (
				83048BED25D7CA2D008D32CC /* Debug */,
				83048BEE25D7CA2D008D32CC /* Release */,
			);
			defaultConfigurationIsVisible = 0;
			defaultConfigurationName = Release;
		};
/* End XCConfigurationList section */
	};
	rootObject = 83048BB425D7CA28008D32CC /* Project object */;
}
